// !$*UTF8*$!
{
	archiveVersion = 1;
	classes = {
	};
	objectVersion = 56;
	objects = {

/* Begin PBXBuildFile section */
		9CBC358328D1C1A900DB602B /* main.m in Sources */ = {isa = PBXBuildFile; fileRef = 9CBC358228D1C1A900DB602B /* main.m */; };
		9CBC35A128D1C76500DB602B /* cmdutils.c in Sources */ = {isa = PBXBuildFile; fileRef = 9CBC359F28D1C76500DB602B /* cmdutils.c */; };
		9CBC35A328D1C7AC00DB602B /* ffmpeg_opt.c in Sources */ = {isa = PBXBuildFile; fileRef = 9CBC35A228D1C7AC00DB602B /* ffmpeg_opt.c */; };
		9CBC35A728D1C9DA00DB602B /* ffmpeg_mux.c in Sources */ = {isa = PBXBuildFile; fileRef = 9CBC35A428D1C9D900DB602B /* ffmpeg_mux.c */; };
		9CBC35A828D1C9DA00DB602B /* ffmpeg_filter.c in Sources */ = {isa = PBXBuildFile; fileRef = 9CBC35A528D1C9DA00DB602B /* ffmpeg_filter.c */; };
		9CBC35A928D1C9DA00DB602B /* ffmpeg_hw.c in Sources */ = {isa = PBXBuildFile; fileRef = 9CBC35A628D1C9DA00DB602B /* ffmpeg_hw.c */; };
		9CBC35AB28D1C9EC00DB602B /* opt_common.c in Sources */ = {isa = PBXBuildFile; fileRef = 9CBC35AA28D1C9EC00DB602B /* opt_common.c */; };
/* End PBXBuildFile section */

/* Begin PBXCopyFilesBuildPhase section */
		9CBC357D28D1C1A900DB602B /* CopyFiles */ = {
			isa = PBXCopyFilesBuildPhase;
			buildActionMask = 2147483647;
			dstPath = /usr/share/man/man1/;
			dstSubfolderSpec = 0;
			files = (
			);
			runOnlyForDeploymentPostprocessing = 1;
		};
/* End PBXCopyFilesBuildPhase section */

/* Begin PBXFileReference section */
		9CBC357F28D1C1A900DB602B /* ffmpeg */ = {isa = PBXFileReference; explicitFileType = "compiled.mach-o.executable"; includeInIndex = 0; path = ffmpeg; sourceTree = BUILT_PRODUCTS_DIR; };
		9CBC358228D1C1A900DB602B /* main.m */ = {isa = PBXFileReference; lastKnownFileType = sourcecode.c.objc; path = main.m; sourceTree = "<group>"; };
		9CBC359F28D1C76500DB602B /* cmdutils.c */ = {isa = PBXFileReference; fileEncoding = 4; lastKnownFileType = sourcecode.c.c; path = cmdutils.c; sourceTree = "<group>"; };
		9CBC35A228D1C7AC00DB602B /* ffmpeg_opt.c */ = {isa = PBXFileReference; fileEncoding = 4; lastKnownFileType = sourcecode.c.c; path = ffmpeg_opt.c; sourceTree = "<group>"; };
		9CBC35A428D1C9D900DB602B /* ffmpeg_mux.c */ = {isa = PBXFileReference; fileEncoding = 4; lastKnownFileType = sourcecode.c.c; path = ffmpeg_mux.c; sourceTree = "<group>"; };
		9CBC35A528D1C9DA00DB602B /* ffmpeg_filter.c */ = {isa = PBXFileReference; fileEncoding = 4; lastKnownFileType = sourcecode.c.c; path = ffmpeg_filter.c; sourceTree = "<group>"; };
		9CBC35A628D1C9DA00DB602B /* ffmpeg_hw.c */ = {isa = PBXFileReference; fileEncoding = 4; lastKnownFileType = sourcecode.c.c; path = ffmpeg_hw.c; sourceTree = "<group>"; };
		9CBC35AA28D1C9EC00DB602B /* opt_common.c */ = {isa = PBXFileReference; fileEncoding = 4; lastKnownFileType = sourcecode.c.c; path = opt_common.c; sourceTree = "<group>"; };
		9CBC35AC28D1CA2900DB602B /* ffmpeg.entitlements */ = {isa = PBXFileReference; lastKnownFileType = text.plist.entitlements; path = ffmpeg.entitlements; sourceTree = "<group>"; };
/* End PBXFileReference section */

/* Begin PBXFrameworksBuildPhase section */
		9CBC357C28D1C1A900DB602B /* Frameworks */ = {
			isa = PBXFrameworksBuildPhase;
			buildActionMask = 2147483647;
			files = (
			);
			runOnlyForDeploymentPostprocessing = 0;
		};
/* End PBXFrameworksBuildPhase section */

/* Begin PBXGroup section */
		9CBC357628D1C1A900DB602B = {
			isa = PBXGroup;
			children = (
				9CBC358128D1C1A900DB602B /* ffmpeg */,
				9CBC358028D1C1A900DB602B /* Products */,
			);
			sourceTree = "<group>";
		};
		9CBC358028D1C1A900DB602B /* Products */ = {
			isa = PBXGroup;
			children = (
				9CBC357F28D1C1A900DB602B /* ffmpeg */,
			);
			name = Products;
			sourceTree = "<group>";
		};
		9CBC358128D1C1A900DB602B /* ffmpeg */ = {
			isa = PBXGroup;
			children = (
				9CBC35AC28D1CA2900DB602B /* ffmpeg.entitlements */,
				9CBC359F28D1C76500DB602B /* cmdutils.c */,
				9CBC35A528D1C9DA00DB602B /* ffmpeg_filter.c */,
				9CBC35A628D1C9DA00DB602B /* ffmpeg_hw.c */,
				9CBC35A428D1C9D900DB602B /* ffmpeg_mux.c */,
				9CBC35A228D1C7AC00DB602B /* ffmpeg_opt.c */,
				9CBC35AA28D1C9EC00DB602B /* opt_common.c */,
				9CBC358228D1C1A900DB602B /* main.m */,
			);
			path = ffmpeg;
			sourceTree = "<group>";
		};
/* End PBXGroup section */

/* Begin PBXNativeTarget section */
		9CBC357E28D1C1A900DB602B /* ffmpeg */ = {
			isa = PBXNativeTarget;
			buildConfigurationList = 9CBC358628D1C1A900DB602B /* Build configuration list for PBXNativeTarget "ffmpeg" */;
			buildPhases = (
				9CBC357B28D1C1A900DB602B /* Sources */,
				9CBC357C28D1C1A900DB602B /* Frameworks */,
				9CBC357D28D1C1A900DB602B /* CopyFiles */,
			);
			buildRules = (
			);
			dependencies = (
			);
			name = ffmpeg;
			productName = ffmpeg;
			productReference = 9CBC357F28D1C1A900DB602B /* ffmpeg */;
			productType = "com.apple.product-type.tool";
		};
/* End PBXNativeTarget section */

/* Begin PBXProject section */
		9CBC357728D1C1A900DB602B /* Project object */ = {
			isa = PBXProject;
			attributes = {
				BuildIndependentTargetsInParallel = 1;
				LastUpgradeCheck = 1400;
				TargetAttributes = {
					9CBC357E28D1C1A900DB602B = {
						CreatedOnToolsVersion = 14.0;
					};
				};
			};
			buildConfigurationList = 9CBC357A28D1C1A900DB602B /* Build configuration list for PBXProject "ffmpeg" */;
			compatibilityVersion = "Xcode 14.0";
			developmentRegion = en;
			hasScannedForEncodings = 0;
			knownRegions = (
				en,
				Base,
			);
			mainGroup = 9CBC357628D1C1A900DB602B;
			productRefGroup = 9CBC358028D1C1A900DB602B /* Products */;
			projectDirPath = "";
			projectRoot = "";
			targets = (
				9CBC357E28D1C1A900DB602B /* ffmpeg */,
			);
		};
/* End PBXProject section */

/* Begin PBXSourcesBuildPhase section */
		9CBC357B28D1C1A900DB602B /* Sources */ = {
			isa = PBXSourcesBuildPhase;
			buildActionMask = 2147483647;
			files = (
				9CBC35A328D1C7AC00DB602B /* ffmpeg_opt.c in Sources */,
				9CBC35A828D1C9DA00DB602B /* ffmpeg_filter.c in Sources */,
				9CBC35A128D1C76500DB602B /* cmdutils.c in Sources */,
				9CBC35A928D1C9DA00DB602B /* ffmpeg_hw.c in Sources */,
				9CBC358328D1C1A900DB602B /* main.m in Sources */,
				9CBC35A728D1C9DA00DB602B /* ffmpeg_mux.c in Sources */,
				9CBC35AB28D1C9EC00DB602B /* opt_common.c in Sources */,
			);
			runOnlyForDeploymentPostprocessing = 0;
		};
/* End PBXSourcesBuildPhase section */

/* Begin XCBuildConfiguration section */
		9CBC358428D1C1A900DB602B /* Debug */ = {
			isa = XCBuildConfiguration;
			buildSettings = {
				ALWAYS_SEARCH_USER_PATHS = NO;
				CLANG_ANALYZER_NONNULL = YES;
				CLANG_ANALYZER_NUMBER_OBJECT_CONVERSION = YES_AGGRESSIVE;
				CLANG_CXX_LANGUAGE_STANDARD = "gnu++20";
				CLANG_ENABLE_MODULES = YES;
				CLANG_ENABLE_OBJC_ARC = YES;
				CLANG_ENABLE_OBJC_WEAK = YES;
				CLANG_WARN_BLOCK_CAPTURE_AUTORELEASING = YES;
				CLANG_WARN_BOOL_CONVERSION = YES;
				CLANG_WARN_COMMA = YES;
				CLANG_WARN_CONSTANT_CONVERSION = YES;
				CLANG_WARN_DEPRECATED_OBJC_IMPLEMENTATIONS = YES;
				CLANG_WARN_DIRECT_OBJC_ISA_USAGE = YES_ERROR;
				CLANG_WARN_DOCUMENTATION_COMMENTS = YES;
				CLANG_WARN_EMPTY_BODY = YES;
				CLANG_WARN_ENUM_CONVERSION = YES;
				CLANG_WARN_INFINITE_RECURSION = YES;
				CLANG_WARN_INT_CONVERSION = YES;
				CLANG_WARN_NON_LITERAL_NULL_CONVERSION = YES;
				CLANG_WARN_OBJC_IMPLICIT_RETAIN_SELF = YES;
				CLANG_WARN_OBJC_LITERAL_CONVERSION = YES;
				CLANG_WARN_OBJC_ROOT_CLASS = YES_ERROR;
				CLANG_WARN_QUOTED_INCLUDE_IN_FRAMEWORK_HEADER = YES;
				CLANG_WARN_RANGE_LOOP_ANALYSIS = YES;
				CLANG_WARN_STRICT_PROTOTYPES = YES;
				CLANG_WARN_SUSPICIOUS_MOVE = YES;
				CLANG_WARN_UNGUARDED_AVAILABILITY = YES_AGGRESSIVE;
				CLANG_WARN_UNREACHABLE_CODE = YES;
				CLANG_WARN__DUPLICATE_METHOD_MATCH = YES;
				COPY_PHASE_STRIP = NO;
				DEBUG_INFORMATION_FORMAT = dwarf;
				ENABLE_STRICT_OBJC_MSGSEND = YES;
				ENABLE_TESTABILITY = YES;
				GCC_C_LANGUAGE_STANDARD = gnu11;
				GCC_DYNAMIC_NO_PIC = NO;
				GCC_NO_COMMON_BLOCKS = YES;
				GCC_OPTIMIZATION_LEVEL = 0;
				GCC_PREPROCESSOR_DEFINITIONS = (
					"DEBUG=1",
					"$(inherited)",
				);
				GCC_WARN_64_TO_32_BIT_CONVERSION = YES;
				GCC_WARN_ABOUT_RETURN_TYPE = YES_ERROR;
				GCC_WARN_UNDECLARED_SELECTOR = YES;
				GCC_WARN_UNINITIALIZED_AUTOS = YES_AGGRESSIVE;
				GCC_WARN_UNUSED_FUNCTION = YES;
				GCC_WARN_UNUSED_VARIABLE = YES;
				MACOSX_DEPLOYMENT_TARGET = 12.3;
				MTL_ENABLE_DEBUG_INFO = INCLUDE_SOURCE;
				MTL_FAST_MATH = YES;
				ONLY_ACTIVE_ARCH = YES;
				SDKROOT = macosx;
			};
			name = Debug;
		};
		9CBC358528D1C1A900DB602B /* Release */ = {
			isa = XCBuildConfiguration;
			buildSettings = {
				ALWAYS_SEARCH_USER_PATHS = NO;
				CLANG_ANALYZER_NONNULL = YES;
				CLANG_ANALYZER_NUMBER_OBJECT_CONVERSION = YES_AGGRESSIVE;
				CLANG_CXX_LANGUAGE_STANDARD = "gnu++20";
				CLANG_ENABLE_MODULES = YES;
				CLANG_ENABLE_OBJC_ARC = YES;
				CLANG_ENABLE_OBJC_WEAK = YES;
				CLANG_WARN_BLOCK_CAPTURE_AUTORELEASING = YES;
				CLANG_WARN_BOOL_CONVERSION = YES;
				CLANG_WARN_COMMA = YES;
				CLANG_WARN_CONSTANT_CONVERSION = YES;
				CLANG_WARN_DEPRECATED_OBJC_IMPLEMENTATIONS = YES;
				CLANG_WARN_DIRECT_OBJC_ISA_USAGE = YES_ERROR;
				CLANG_WARN_DOCUMENTATION_COMMENTS = YES;
				CLANG_WARN_EMPTY_BODY = YES;
				CLANG_WARN_ENUM_CONVERSION = YES;
				CLANG_WARN_INFINITE_RECURSION = YES;
				CLANG_WARN_INT_CONVERSION = YES;
				CLANG_WARN_NON_LITERAL_NULL_CONVERSION = YES;
				CLANG_WARN_OBJC_IMPLICIT_RETAIN_SELF = YES;
				CLANG_WARN_OBJC_LITERAL_CONVERSION = YES;
				CLANG_WARN_OBJC_ROOT_CLASS = YES_ERROR;
				CLANG_WARN_QUOTED_INCLUDE_IN_FRAMEWORK_HEADER = YES;
				CLANG_WARN_RANGE_LOOP_ANALYSIS = YES;
				CLANG_WARN_STRICT_PROTOTYPES = YES;
				CLANG_WARN_SUSPICIOUS_MOVE = YES;
				CLANG_WARN_UNGUARDED_AVAILABILITY = YES_AGGRESSIVE;
				CLANG_WARN_UNREACHABLE_CODE = YES;
				CLANG_WARN__DUPLICATE_METHOD_MATCH = YES;
				COPY_PHASE_STRIP = NO;
				DEBUG_INFORMATION_FORMAT = "dwarf-with-dsym";
				ENABLE_NS_ASSERTIONS = NO;
				ENABLE_STRICT_OBJC_MSGSEND = YES;
				GCC_C_LANGUAGE_STANDARD = gnu11;
				GCC_NO_COMMON_BLOCKS = YES;
				GCC_WARN_64_TO_32_BIT_CONVERSION = YES;
				GCC_WARN_ABOUT_RETURN_TYPE = YES_ERROR;
				GCC_WARN_UNDECLARED_SELECTOR = YES;
				GCC_WARN_UNINITIALIZED_AUTOS = YES_AGGRESSIVE;
				GCC_WARN_UNUSED_FUNCTION = YES;
				GCC_WARN_UNUSED_VARIABLE = YES;
				MACOSX_DEPLOYMENT_TARGET = 12.3;
				MTL_ENABLE_DEBUG_INFO = NO;
				MTL_FAST_MATH = YES;
				SDKROOT = macosx;
			};
			name = Release;
		};
		9CBC358728D1C1A900DB602B /* Debug */ = {
			isa = XCBuildConfiguration;
			buildSettings = {
				CODE_SIGN_ENTITLEMENTS = ffmpeg/ffmpeg.entitlements;
				CODE_SIGN_STYLE = Automatic;
				DEVELOPMENT_TEAM = 67A85TH4HV;
				ENABLE_HARDENED_RUNTIME = YES;
				HEADER_SEARCH_PATHS = (
					/usr/local/Cellar/ffmpeg/5.1.1/include,
					"${PROJECT_DIR}/ffmpeg-5.1.1/",
					"${PROJECT_DIR}/ffmpeg-5.1.1/fftools",
				);
				LIBRARY_SEARCH_PATHS = /usr/local/Cellar/ffmpeg/5.1.1/lib;
				OTHER_LDFLAGS = (
					"-I/usr/local/Cellar/ffmpeg/5.1.1/include",
					"-L/usr/local/Cellar/ffmpeg/5.1.1/lib",
					"-lavformat",
					"-lavcodec",
					"-lavutil",
					"-lpostproc",
					"-lswresample",
					"-lswscale",
					"-lavdevice",
					"-lavfilter",
				);
				PRODUCT_NAME = "$(TARGET_NAME)";
			};
			name = Debug;
		};
		9CBC358828D1C1A900DB602B /* Release */ = {
			isa = XCBuildConfiguration;
			buildSettings = {
				CODE_SIGN_ENTITLEMENTS = ffmpeg/ffmpeg.entitlements;
				CODE_SIGN_STYLE = Automatic;
				DEVELOPMENT_TEAM = 67A85TH4HV;
				ENABLE_HARDENED_RUNTIME = YES;
				HEADER_SEARCH_PATHS = (
					/usr/local/Cellar/ffmpeg/5.1.1/include,
					"${PROJECT_DIR}/ffmpeg-5.1.1/",
					"${PROJECT_DIR}/ffmpeg-5.1.1/fftools",
				);
				LIBRARY_SEARCH_PATHS = /usr/local/Cellar/ffmpeg/5.1.1/lib;
				OTHER_LDFLAGS = (
					"-I/usr/local/Cellar/ffmpeg/5.1.1/include",
					"-L/usr/local/Cellar/ffmpeg/5.1.1/lib",
					"-lavformat",
					"-lavcodec",
					"-lavutil",
					"-lpostproc",
					"-lswresample",
					"-lswscale",
					"-lavdevice",
					"-lavfilter",
				);
				PRODUCT_NAME = "$(TARGET_NAME)";
			};
			name = Release;
		};
/* End XCBuildConfiguration section */

/* Begin XCConfigurationList section */
		9CBC357A28D1C1A900DB602B /* Build configuration list for PBXProject "ffmpeg" */ = {
			isa = XCConfigurationList;
			buildConfigurations = (
				9CBC358428D1C1A900DB602B /* Debug */,
				9CBC358528D1C1A900DB602B /* Release */,
			);
			defaultConfigurationIsVisible = 0;
			defaultConfigurationName = Release;
		};
		9CBC358628D1C1A900DB602B /* Build configuration list for PBXNativeTarget "ffmpeg" */ = {
			isa = XCConfigurationList;
			buildConfigurations = (
				9CBC358728D1C1A900DB602B /* Debug */,
				9CBC358828D1C1A900DB602B /* Release */,
			);
			defaultConfigurationIsVisible = 0;
			defaultConfigurationName = Release;
		};
/* End XCConfigurationList section */
	};
	rootObject = 9CBC357728D1C1A900DB602B /* Project object */;
}
